{
  "lockfileVersion": 1,
  "workspaces": {
    "": {
      "name": "@yvee/material-svg",
      "devDependencies": {
        "yvee": "latest",
      },
    },
  },
  "packages": {
    "typescript": ["typescript@5.7.3", "", { "bin": { "tsc": "bin/tsc", "tsserver": "bin/tsserver" } }, "sha512-84MVSjMEHP+FQRPy3pX9sTVV/INIex71s9TL2Gm5FG/WG1SqXeKyZ0k7/blY/4FdOzI12CBy1vGc4og/eus0fw=="],

    "yvee": ["yvee@0.0.9", "", { "peerDependencies": { "typescript": "^5.7.3" } }, "sha512-Zl0GFwPw/89fRgFQ75pGXJKajzZUjy0novgHzRHlUdIKdxTvVvIN7njilWeV+QK5P/4f47ng8O2L1ky4T0MiMA=="],
  }
}
